
Microsoft Visual Studio Solution File, Format Version 12.00
# Visual Studio Version 16
VisualStudioVersion = 16.0.32413.511
MinimumVisualStudioVersion = 10.0.40219.1
Project("{FAE04EC0-301F-11D3-BF4B-00C04F79EFBC}") = "OOP_lab6_incapsulare_Clase_Obiecte", "OOP_lab6_incapsulare_Clase_Obiecte\OOP_lab6_incapsulare_Clase_Obiecte.csproj", "{B394DE61-DFF6-4DA1-A7B8-29CBF9CB6EA0}"
EndProject
Global
	GlobalSection(SolutionConfigurationPlatforms) = preSolution
		Debug|Any CPU = Debug|Any CPU
		Release|Any CPU = Release|Any CPU
	EndGlobalSection
	GlobalSection(ProjectConfigurationPlatforms) = postSolution
		{B394DE61-DFF6-4DA1-A7B8-29CBF9CB6EA0}.Debug|Any CPU.ActiveCfg = Debug|Any CPU
		{B394DE61-DFF6-4DA1-A7B8-29CBF9CB6EA0}.Debug|Any CPU.Build.0 = Debug|Any CPU
		{B394DE61-DFF6-4DA1-A7B8-29CBF9CB6EA0}.Release|Any CPU.ActiveCfg = Release|Any CPU
		{B394DE61-DFF6-4DA1-A7B8-29CBF9CB6EA0}.Release|Any CPU.Build.0 = Release|Any CPU
	EndGlobalSection
	GlobalSection(SolutionProperties) = preSolution
		HideSolutionNode = FALSE
	EndGlobalSection
	GlobalSection(ExtensibilityGlobals) = postSolution
		SolutionGuid = {30F70DBA-9737-4FA2-8ED0-1159250C3558}
	EndGlobalSection
EndGlobal
